
Microsoft Visual Studio Solution File, Format Version 12.00
# Visual Studio Version 17
VisualStudioVersion = 17.2.32519.379
MinimumVisualStudioVersion = 10.0.40219.1
Project("{9A19103F-16F7-4668-BE54-9A1E7A4F7556}") = "InterleavingStrings", "InterleavingStrings\InterleavingStrings.csproj", "{5F42A153-9D69-4FA1-B5C9-4512047F626D}"
EndProject
Project("{FAE04EC0-301F-11D3-BF4B-00C04F79EFBC}") = "InterleavingStringsTests", "InterleavingStringsTests\InterleavingStringsTests.csproj", "{6F2479C6-08E1-498A-A14A-381DEEE2ADA9}"
EndProject
Global
	GlobalSection(SolutionConfigurationPlatforms) = preSolution
		Debug|Any CPU = Debug|Any CPU
		Release|Any CPU = Release|Any CPU
	EndGlobalSection
	GlobalSection(ProjectConfigurationPlatforms) = postSolution
		{5F42A153-9D69-4FA1-B5C9-4512047F626D}.Debug|Any CPU.ActiveCfg = Debug|Any CPU
		{5F42A153-9D69-4FA1-B5C9-4512047F626D}.Debug|Any CPU.Build.0 = Debug|Any CPU
		{5F42A153-9D69-4FA1-B5C9-4512047F626D}.Release|Any CPU.ActiveCfg = Release|Any CPU
		{5F42A153-9D69-4FA1-B5C9-4512047F626D}.Release|Any CPU.Build.0 = Release|Any CPU
		{6F2479C6-08E1-498A-A14A-381DEEE2ADA9}.Debug|Any CPU.ActiveCfg = Debug|Any CPU
		{6F2479C6-08E1-498A-A14A-381DEEE2ADA9}.Debug|Any CPU.Build.0 = Debug|Any CPU
		{6F2479C6-08E1-498A-A14A-381DEEE2ADA9}.Release|Any CPU.ActiveCfg = Release|Any CPU
		{6F2479C6-08E1-498A-A14A-381DEEE2ADA9}.Release|Any CPU.Build.0 = Release|Any CPU
	EndGlobalSection
	GlobalSection(SolutionProperties) = preSolution
		HideSolutionNode = FALSE
	EndGlobalSection
	GlobalSection(ExtensibilityGlobals) = postSolution
		SolutionGuid = {12675039-F163-4F81-B52F-5ED3E2DE1AF3}
	EndGlobalSection
EndGlobal
